
Microsoft Visual Studio Solution File, Format Version 12.00
# Visual Studio Version 16
VisualStudioVersion = 16.0.31321.278
MinimumVisualStudioVersion = 10.0.40219.1
Project("{FAE04EC0-301F-11D3-BF4B-00C04F79EFBC}") = "SoftMediaClubTestTask.Application", "SoftMediaClubTestTask.Application\SoftMediaClubTestTask.Application.csproj", "{9BD4137A-C07F-4F12-815A-CE86097CED35}"
EndProject
Project("{FAE04EC0-301F-11D3-BF4B-00C04F79EFBC}") = "SoftMediaClubTestTask.Domain", "SoftMediaClubTestTask.Domain\SoftMediaClubTestTask.Domain.csproj", "{A5BF1D70-13A6-4355-9393-52628EAAAEA4}"
EndProject
Project("{FAE04EC0-301F-11D3-BF4B-00C04F79EFBC}") = "SoftMediaClubTestTask.Infrastructure", "SoftMediaClubTestTask.Infrastructure\SoftMediaClubTestTask.Infrastructure.csproj", "{4C30D53D-4B51-4606-ACB8-2387A8155B29}"
EndProject
Project("{FAE04EC0-301F-11D3-BF4B-00C04F79EFBC}") = "SoftMediaClubTestTask.API", "SoftMediaClubTestTask.API\SoftMediaClubTestTask.API.csproj", "{0F7A08D3-B019-450C-9075-46ED719251FE}"
EndProject
Project("{FAE04EC0-301F-11D3-BF4B-00C04F79EFBC}") = "SoftMediaClubTestTask.Tests", "SoftMediaClubTestTask.Tests\SoftMediaClubTestTask.Tests.csproj", "{4BB7DA4A-B2BC-4256-9F5F-8C77B5BBBA28}"
EndProject
Global
	GlobalSection(SolutionConfigurationPlatforms) = preSolution
		Debug|Any CPU = Debug|Any CPU
		Release|Any CPU = Release|Any CPU
	EndGlobalSection
	GlobalSection(ProjectConfigurationPlatforms) = postSolution
		{9BD4137A-C07F-4F12-815A-CE86097CED35}.Debug|Any CPU.ActiveCfg = Debug|Any CPU
		{9BD4137A-C07F-4F12-815A-CE86097CED35}.Debug|Any CPU.Build.0 = Debug|Any CPU
		{9BD4137A-C07F-4F12-815A-CE86097CED35}.Release|Any CPU.ActiveCfg = Release|Any CPU
		{9BD4137A-C07F-4F12-815A-CE86097CED35}.Release|Any CPU.Build.0 = Release|Any CPU
		{A5BF1D70-13A6-4355-9393-52628EAAAEA4}.Debug|Any CPU.ActiveCfg = Debug|Any CPU
		{A5BF1D70-13A6-4355-9393-52628EAAAEA4}.Debug|Any CPU.Build.0 = Debug|Any CPU
		{A5BF1D70-13A6-4355-9393-52628EAAAEA4}.Release|Any CPU.ActiveCfg = Release|Any CPU
		{A5BF1D70-13A6-4355-9393-52628EAAAEA4}.Release|Any CPU.Build.0 = Release|Any CPU
		{4C30D53D-4B51-4606-ACB8-2387A8155B29}.Debug|Any CPU.ActiveCfg = Debug|Any CPU
		{4C30D53D-4B51-4606-ACB8-2387A8155B29}.Debug|Any CPU.Build.0 = Debug|Any CPU
		{4C30D53D-4B51-4606-ACB8-2387A8155B29}.Release|Any CPU.ActiveCfg = Release|Any CPU
		{4C30D53D-4B51-4606-ACB8-2387A8155B29}.Release|Any CPU.Build.0 = Release|Any CPU
		{0F7A08D3-B019-450C-9075-46ED719251FE}.Debug|Any CPU.ActiveCfg = Debug|Any CPU
		{0F7A08D3-B019-450C-9075-46ED719251FE}.Debug|Any CPU.Build.0 = Debug|Any CPU
		{0F7A08D3-B019-450C-9075-46ED719251FE}.Release|Any CPU.ActiveCfg = Release|Any CPU
		{0F7A08D3-B019-450C-9075-46ED719251FE}.Release|Any CPU.Build.0 = Release|Any CPU
		{4BB7DA4A-B2BC-4256-9F5F-8C77B5BBBA28}.Debug|Any CPU.ActiveCfg = Debug|Any CPU
		{4BB7DA4A-B2BC-4256-9F5F-8C77B5BBBA28}.Debug|Any CPU.Build.0 = Debug|Any CPU
		{4BB7DA4A-B2BC-4256-9F5F-8C77B5BBBA28}.Release|Any CPU.ActiveCfg = Release|Any CPU
		{4BB7DA4A-B2BC-4256-9F5F-8C77B5BBBA28}.Release|Any CPU.Build.0 = Release|Any CPU
	EndGlobalSection
	GlobalSection(SolutionProperties) = preSolution
		HideSolutionNode = FALSE
	EndGlobalSection
	GlobalSection(ExtensibilityGlobals) = postSolution
		SolutionGuid = {71E4721C-162E-4B12-8D68-35E8C6579062}
	EndGlobalSection
EndGlobal
